
Microsoft Visual Studio Solution File, Format Version 12.00
# Visual Studio Version 17
VisualStudioVersion = 17.2.32516.85
MinimumVisualStudioVersion = 10.0.40219.1
Project("{FAE04EC0-301F-11D3-BF4B-00C04F79EFBC}") = "Exerc 8-9", "Exerc 8-9\Exerc 8-9.csproj", "{63CC3E81-AB7C-4160-9093-5D9C647E5AEF}"
EndProject
Global
	GlobalSection(SolutionConfigurationPlatforms) = preSolution
		Debug|Any CPU = Debug|Any CPU
		Release|Any CPU = Release|Any CPU
	EndGlobalSection
	GlobalSection(ProjectConfigurationPlatforms) = postSolution
		{63CC3E81-AB7C-4160-9093-5D9C647E5AEF}.Debug|Any CPU.ActiveCfg = Debug|Any CPU
		{63CC3E81-AB7C-4160-9093-5D9C647E5AEF}.Debug|Any CPU.Build.0 = Debug|Any CPU
		{63CC3E81-AB7C-4160-9093-5D9C647E5AEF}.Release|Any CPU.ActiveCfg = Release|Any CPU
		{63CC3E81-AB7C-4160-9093-5D9C647E5AEF}.Release|Any CPU.Build.0 = Release|Any CPU
	EndGlobalSection
	GlobalSection(SolutionProperties) = preSolution
		HideSolutionNode = FALSE
	EndGlobalSection
	GlobalSection(ExtensibilityGlobals) = postSolution
		SolutionGuid = {95FE342C-4F45-4A37-A377-231E38B41829}
	EndGlobalSection
EndGlobal
