
Microsoft Visual Studio Solution File, Format Version 12.00
# Visual Studio Version 17
VisualStudioVersion = 17.2.32516.85
MinimumVisualStudioVersion = 10.0.40219.1
Project("{9A19103F-16F7-4668-BE54-9A1E7A4F7556}") = "TipoDeDados", "TipoDeDados\TipoDeDados.csproj", "{A13A107C-2CA6-4ACB-9DF3-EB8FDAFE8EC3}"
EndProject
Project("{9A19103F-16F7-4668-BE54-9A1E7A4F7556}") = "Lista01", "..\Lista01\Lista01\Lista01.csproj", "{AF7A1399-027C-49AE-ABF4-45F70E59B385}"
EndProject
Global
	GlobalSection(SolutionConfigurationPlatforms) = preSolution
		Debug|Any CPU = Debug|Any CPU
		Release|Any CPU = Release|Any CPU
	EndGlobalSection
	GlobalSection(ProjectConfigurationPlatforms) = postSolution
		{A13A107C-2CA6-4ACB-9DF3-EB8FDAFE8EC3}.Debug|Any CPU.ActiveCfg = Debug|Any CPU
		{A13A107C-2CA6-4ACB-9DF3-EB8FDAFE8EC3}.Debug|Any CPU.Build.0 = Debug|Any CPU
		{A13A107C-2CA6-4ACB-9DF3-EB8FDAFE8EC3}.Release|Any CPU.ActiveCfg = Release|Any CPU
		{A13A107C-2CA6-4ACB-9DF3-EB8FDAFE8EC3}.Release|Any CPU.Build.0 = Release|Any CPU
		{AF7A1399-027C-49AE-ABF4-45F70E59B385}.Debug|Any CPU.ActiveCfg = Debug|Any CPU
		{AF7A1399-027C-49AE-ABF4-45F70E59B385}.Debug|Any CPU.Build.0 = Debug|Any CPU
		{AF7A1399-027C-49AE-ABF4-45F70E59B385}.Release|Any CPU.ActiveCfg = Release|Any CPU
		{AF7A1399-027C-49AE-ABF4-45F70E59B385}.Release|Any CPU.Build.0 = Release|Any CPU
	EndGlobalSection
	GlobalSection(SolutionProperties) = preSolution
		HideSolutionNode = FALSE
	EndGlobalSection
	GlobalSection(ExtensibilityGlobals) = postSolution
		SolutionGuid = {9D1D05A9-E401-4B08-9168-D8E72017FCCA}
	EndGlobalSection
EndGlobal
