
Microsoft Visual Studio Solution File, Format Version 12.00
# Visual Studio Version 17
VisualStudioVersion = 17.2.32516.85
MinimumVisualStudioVersion = 10.0.40219.1
Project("{FAE04EC0-301F-11D3-BF4B-00C04F79EFBC}") = "DiagnosticoPrevio2", "DiagnosticoPrevio2\DiagnosticoPrevio2.csproj", "{94C121E8-FB6E-48CA-B8C5-BF033CB3A060}"
EndProject
Global
	GlobalSection(SolutionConfigurationPlatforms) = preSolution
		Debug|Any CPU = Debug|Any CPU
		Release|Any CPU = Release|Any CPU
	EndGlobalSection
	GlobalSection(ProjectConfigurationPlatforms) = postSolution
		{94C121E8-FB6E-48CA-B8C5-BF033CB3A060}.Debug|Any CPU.ActiveCfg = Debug|Any CPU
		{94C121E8-FB6E-48CA-B8C5-BF033CB3A060}.Debug|Any CPU.Build.0 = Debug|Any CPU
		{94C121E8-FB6E-48CA-B8C5-BF033CB3A060}.Release|Any CPU.ActiveCfg = Release|Any CPU
		{94C121E8-FB6E-48CA-B8C5-BF033CB3A060}.Release|Any CPU.Build.0 = Release|Any CPU
	EndGlobalSection
	GlobalSection(SolutionProperties) = preSolution
		HideSolutionNode = FALSE
	EndGlobalSection
	GlobalSection(ExtensibilityGlobals) = postSolution
		SolutionGuid = {E0AE4D20-3243-4FE6-86A1-83DAFED5CCF7}
	EndGlobalSection
EndGlobal
