
Microsoft Visual Studio Solution File, Format Version 12.00
# Visual Studio Version 17
VisualStudioVersion = 17.2.32516.85
MinimumVisualStudioVersion = 10.0.40219.1
Project("{FAE04EC0-301F-11D3-BF4B-00C04F79EFBC}") = "Lista 1 - POO", "Lista 1 - POO\Lista 1 - POO.csproj", "{1B911FDB-75E2-4797-8840-8C093BF479CE}"
EndProject
Global
	GlobalSection(SolutionConfigurationPlatforms) = preSolution
		Debug|Any CPU = Debug|Any CPU
		Release|Any CPU = Release|Any CPU
	EndGlobalSection
	GlobalSection(ProjectConfigurationPlatforms) = postSolution
		{1B911FDB-75E2-4797-8840-8C093BF479CE}.Debug|Any CPU.ActiveCfg = Debug|Any CPU
		{1B911FDB-75E2-4797-8840-8C093BF479CE}.Debug|Any CPU.Build.0 = Debug|Any CPU
		{1B911FDB-75E2-4797-8840-8C093BF479CE}.Release|Any CPU.ActiveCfg = Release|Any CPU
		{1B911FDB-75E2-4797-8840-8C093BF479CE}.Release|Any CPU.Build.0 = Release|Any CPU
	EndGlobalSection
	GlobalSection(SolutionProperties) = preSolution
		HideSolutionNode = FALSE
	EndGlobalSection
	GlobalSection(ExtensibilityGlobals) = postSolution
		SolutionGuid = {FA44CBB9-3DF5-45C2-8151-8C964B0D8B32}
	EndGlobalSection
EndGlobal
